
Microsoft Visual Studio Solution File, Format Version 12.00
# Visual Studio Version 16
VisualStudioVersion = 16.0.30225.117
MinimumVisualStudioVersion = 10.0.40219.1
Project("{FAE04EC0-301F-11D3-BF4B-00C04F79EFBC}") = "ColesApp", "ColesApp\ColesApp.csproj", "{18742EB8-C2F7-4CD2-9ABA-B8537022F9B8}"
EndProject
Global
	GlobalSection(SolutionConfigurationPlatforms) = preSolution
		Debug|Any CPU = Debug|Any CPU
		Release|Any CPU = Release|Any CPU
	EndGlobalSection
	GlobalSection(ProjectConfigurationPlatforms) = postSolution
		{18742EB8-C2F7-4CD2-9ABA-B8537022F9B8}.Debug|Any CPU.ActiveCfg = Debug|Any CPU
		{18742EB8-C2F7-4CD2-9ABA-B8537022F9B8}.Debug|Any CPU.Build.0 = Debug|Any CPU
		{18742EB8-C2F7-4CD2-9ABA-B8537022F9B8}.Release|Any CPU.ActiveCfg = Release|Any CPU
		{18742EB8-C2F7-4CD2-9ABA-B8537022F9B8}.Release|Any CPU.Build.0 = Release|Any CPU
	EndGlobalSection
	GlobalSection(SolutionProperties) = preSolution
		HideSolutionNode = FALSE
	EndGlobalSection
	GlobalSection(ExtensibilityGlobals) = postSolution
		SolutionGuid = {F1EF7BB9-C3A3-42F9-994B-D594D0BBB622}
	EndGlobalSection
EndGlobal
